
Microsoft Visual Studio Solution File, Format Version 12.00
Project("{FAE04EC0-301F-11D3-BF4B-00C04F79EFBC}") = "a-greeting", "a-greeting\a-greeting.csproj", "{A141BA71-5DBC-4541-BC5E-C61355ABDBDF}"
EndProject
Project("{FAE04EC0-301F-11D3-BF4B-00C04F79EFBC}") = "b-data-type", "b-data-type\b-data-type.csproj", "{602AEFC8-A7DE-4D39-AA9C-0824D48ADF23}"
EndProject
Global
	GlobalSection(SolutionConfigurationPlatforms) = preSolution
		Debug|Any CPU = Debug|Any CPU
		Release|Any CPU = Release|Any CPU
	EndGlobalSection
	GlobalSection(ProjectConfigurationPlatforms) = postSolution
		{A141BA71-5DBC-4541-BC5E-C61355ABDBDF}.Debug|Any CPU.ActiveCfg = Debug|Any CPU
		{A141BA71-5DBC-4541-BC5E-C61355ABDBDF}.Debug|Any CPU.Build.0 = Debug|Any CPU
		{A141BA71-5DBC-4541-BC5E-C61355ABDBDF}.Release|Any CPU.ActiveCfg = Release|Any CPU
		{A141BA71-5DBC-4541-BC5E-C61355ABDBDF}.Release|Any CPU.Build.0 = Release|Any CPU
		{602AEFC8-A7DE-4D39-AA9C-0824D48ADF23}.Debug|Any CPU.ActiveCfg = Debug|Any CPU
		{602AEFC8-A7DE-4D39-AA9C-0824D48ADF23}.Debug|Any CPU.Build.0 = Debug|Any CPU
		{602AEFC8-A7DE-4D39-AA9C-0824D48ADF23}.Release|Any CPU.ActiveCfg = Release|Any CPU
		{602AEFC8-A7DE-4D39-AA9C-0824D48ADF23}.Release|Any CPU.Build.0 = Release|Any CPU
	EndGlobalSection
EndGlobal
