
Microsoft Visual Studio Solution File, Format Version 12.00
Project("{FAE04EC0-301F-11D3-BF4B-00C04F79EFBC}") = "B.Basic.DataType", "B.Basic.DataType\B.Basic.DataType.csproj", "{B9A8B198-5EEA-431C-9B4B-3BC2F23796AE}"
EndProject
Project("{FAE04EC0-301F-11D3-BF4B-00C04F79EFBC}") = "C.Basic.Struct", "C.Basic.Struct\C.Basic.Struct.csproj", "{E9705766-3B97-45FD-B975-470FEB292BEB}"
EndProject
Project("{FAE04EC0-301F-11D3-BF4B-00C04F79EFBC}") = "D.Basic.Calculation", "D.Basic.Calculation\D.Basic.Calculation.csproj", "{05F0CF2E-CE24-4658-8300-E2D6404B6151}"
EndProject
Project("{FAE04EC0-301F-11D3-BF4B-00C04F79EFBC}") = "E.Basic.Input", "E.Basic.Input\E.Basic.Input.csproj", "{1E269B30-BD21-46B4-8A02-48957D84A992}"
EndProject
Project("{FAE04EC0-301F-11D3-BF4B-00C04F79EFBC}") = "A.Basic.Greet", "A.Basic.Greet\A.Basic.Greet.csproj", "{75334C0F-A45D-4EED-A15A-8E16DDBE2FCE}"
EndProject
Project("{FAE04EC0-301F-11D3-BF4B-00C04F79EFBC}") = "F.Basic.Condition", "F.Basic.Condition\F.Basic.Condition.csproj", "{6D3244B1-CC4E-4AD1-BC47-31CDBA1EB00D}"
EndProject
Project("{FAE04EC0-301F-11D3-BF4B-00C04F79EFBC}") = "G.Basic.Loop", "G.Basic.Loop\G.Basic.Loop.csproj", "{6F07473F-6EF8-470A-8214-C6944C0DCB70}"
EndProject
Project("{FAE04EC0-301F-11D3-BF4B-00C04F79EFBC}") = "H.Basic.Enum", "H.Basic.Enum\H.Basic.Enum.csproj", "{64A6A1E6-D853-4123-BA0D-2F77DD44BB18}"
EndProject
Project("{FAE04EC0-301F-11D3-BF4B-00C04F79EFBC}") = "I.Function", "I.Function\I.Function.csproj", "{36C97BB5-AB2B-4702-BC4A-86BDA7744C35}"
EndProject
Project("{FAE04EC0-301F-11D3-BF4B-00C04F79EFBC}") = "J.ExceptionHandling", "J.ExceptionHandling\J.ExceptionHandling.csproj", "{4A9EC83C-4E40-47C5-987E-4E12EEB5D19F}"
EndProject
Project("{FAE04EC0-301F-11D3-BF4B-00C04F79EFBC}") = "K.Class.Definition", "K.Class.Definition\K.Class.Definition.csproj", "{AB648118-DC0C-488A-BA6D-685AD2E39CCB}"
EndProject
Project("{FAE04EC0-301F-11D3-BF4B-00C04F79EFBC}") = "L.Basic.Array", "L.Basic.Array\L.Basic.Array.csproj", "{A23C27C7-058C-48F1-A466-498BA1A438F1}"
EndProject
Project("{FAE04EC0-301F-11D3-BF4B-00C04F79EFBC}") = "M.Class.Abstract", "M.Class.Abstract\M.Class.Abstract.csproj", "{E1BA5133-CB8D-49BE-A61D-1CA186E9FD44}"
EndProject
Project("{FAE04EC0-301F-11D3-BF4B-00C04F79EFBC}") = "N.Class.Interface", "N.Class.Interface\N.Class.Interface.csproj", "{8652B9BC-FFEB-40F7-8A55-673E8D0DFD16}"
EndProject
Project("{FAE04EC0-301F-11D3-BF4B-00C04F79EFBC}") = "O.Generic", "O.Generic\O.Generic.csproj", "{657C7797-B074-4695-A95E-B5B80D187B39}"
EndProject
Project("{FAE04EC0-301F-11D3-BF4B-00C04F79EFBC}") = "P.Delegate", "P.Delegate\P.Delegate.csproj", "{2D308273-2BB5-41BF-89A7-82E3A9524038}"
EndProject
Project("{FAE04EC0-301F-11D3-BF4B-00C04F79EFBC}") = "Q.Delegate.Event", "Q.Delegate.Event\Q.Delegate.Event.csproj", "{182A26BD-5B6D-4D43-AF36-8335C83760AC}"
EndProject
Project("{FAE04EC0-301F-11D3-BF4B-00C04F79EFBC}") = "R.Operator.Overload", "R.Operator.Overload\R.Operator.Overload.csproj", "{06F3DF21-F950-4AD4-893D-6737C52F6450}"
EndProject
Project("{FAE04EC0-301F-11D3-BF4B-00C04F79EFBC}") = "S.Basic.List", "S.Basic.List\S.Basic.List.csproj", "{A3FBE5F8-53F6-4499-81A4-C6B6925E6CD7}"
EndProject
Global
	GlobalSection(SolutionConfigurationPlatforms) = preSolution
		Debug|Any CPU = Debug|Any CPU
		Release|Any CPU = Release|Any CPU
	EndGlobalSection
	GlobalSection(ProjectConfigurationPlatforms) = postSolution
		{B9A8B198-5EEA-431C-9B4B-3BC2F23796AE}.Debug|Any CPU.ActiveCfg = Debug|Any CPU
		{B9A8B198-5EEA-431C-9B4B-3BC2F23796AE}.Debug|Any CPU.Build.0 = Debug|Any CPU
		{B9A8B198-5EEA-431C-9B4B-3BC2F23796AE}.Release|Any CPU.ActiveCfg = Release|Any CPU
		{B9A8B198-5EEA-431C-9B4B-3BC2F23796AE}.Release|Any CPU.Build.0 = Release|Any CPU
		{E9705766-3B97-45FD-B975-470FEB292BEB}.Debug|Any CPU.ActiveCfg = Debug|Any CPU
		{E9705766-3B97-45FD-B975-470FEB292BEB}.Debug|Any CPU.Build.0 = Debug|Any CPU
		{E9705766-3B97-45FD-B975-470FEB292BEB}.Release|Any CPU.ActiveCfg = Release|Any CPU
		{E9705766-3B97-45FD-B975-470FEB292BEB}.Release|Any CPU.Build.0 = Release|Any CPU
		{05F0CF2E-CE24-4658-8300-E2D6404B6151}.Debug|Any CPU.ActiveCfg = Debug|Any CPU
		{05F0CF2E-CE24-4658-8300-E2D6404B6151}.Debug|Any CPU.Build.0 = Debug|Any CPU
		{05F0CF2E-CE24-4658-8300-E2D6404B6151}.Release|Any CPU.ActiveCfg = Release|Any CPU
		{05F0CF2E-CE24-4658-8300-E2D6404B6151}.Release|Any CPU.Build.0 = Release|Any CPU
		{1E269B30-BD21-46B4-8A02-48957D84A992}.Debug|Any CPU.ActiveCfg = Debug|Any CPU
		{1E269B30-BD21-46B4-8A02-48957D84A992}.Debug|Any CPU.Build.0 = Debug|Any CPU
		{1E269B30-BD21-46B4-8A02-48957D84A992}.Release|Any CPU.ActiveCfg = Release|Any CPU
		{1E269B30-BD21-46B4-8A02-48957D84A992}.Release|Any CPU.Build.0 = Release|Any CPU
		{75334C0F-A45D-4EED-A15A-8E16DDBE2FCE}.Debug|Any CPU.ActiveCfg = Debug|Any CPU
		{75334C0F-A45D-4EED-A15A-8E16DDBE2FCE}.Debug|Any CPU.Build.0 = Debug|Any CPU
		{75334C0F-A45D-4EED-A15A-8E16DDBE2FCE}.Release|Any CPU.ActiveCfg = Release|Any CPU
		{75334C0F-A45D-4EED-A15A-8E16DDBE2FCE}.Release|Any CPU.Build.0 = Release|Any CPU
		{6D3244B1-CC4E-4AD1-BC47-31CDBA1EB00D}.Debug|Any CPU.ActiveCfg = Debug|Any CPU
		{6D3244B1-CC4E-4AD1-BC47-31CDBA1EB00D}.Debug|Any CPU.Build.0 = Debug|Any CPU
		{6D3244B1-CC4E-4AD1-BC47-31CDBA1EB00D}.Release|Any CPU.ActiveCfg = Release|Any CPU
		{6D3244B1-CC4E-4AD1-BC47-31CDBA1EB00D}.Release|Any CPU.Build.0 = Release|Any CPU
		{6F07473F-6EF8-470A-8214-C6944C0DCB70}.Debug|Any CPU.ActiveCfg = Debug|Any CPU
		{6F07473F-6EF8-470A-8214-C6944C0DCB70}.Debug|Any CPU.Build.0 = Debug|Any CPU
		{6F07473F-6EF8-470A-8214-C6944C0DCB70}.Release|Any CPU.ActiveCfg = Release|Any CPU
		{6F07473F-6EF8-470A-8214-C6944C0DCB70}.Release|Any CPU.Build.0 = Release|Any CPU
		{64A6A1E6-D853-4123-BA0D-2F77DD44BB18}.Debug|Any CPU.ActiveCfg = Debug|Any CPU
		{64A6A1E6-D853-4123-BA0D-2F77DD44BB18}.Debug|Any CPU.Build.0 = Debug|Any CPU
		{64A6A1E6-D853-4123-BA0D-2F77DD44BB18}.Release|Any CPU.ActiveCfg = Release|Any CPU
		{64A6A1E6-D853-4123-BA0D-2F77DD44BB18}.Release|Any CPU.Build.0 = Release|Any CPU
		{36C97BB5-AB2B-4702-BC4A-86BDA7744C35}.Debug|Any CPU.ActiveCfg = Debug|Any CPU
		{36C97BB5-AB2B-4702-BC4A-86BDA7744C35}.Debug|Any CPU.Build.0 = Debug|Any CPU
		{36C97BB5-AB2B-4702-BC4A-86BDA7744C35}.Release|Any CPU.ActiveCfg = Release|Any CPU
		{36C97BB5-AB2B-4702-BC4A-86BDA7744C35}.Release|Any CPU.Build.0 = Release|Any CPU
		{4A9EC83C-4E40-47C5-987E-4E12EEB5D19F}.Debug|Any CPU.ActiveCfg = Debug|Any CPU
		{4A9EC83C-4E40-47C5-987E-4E12EEB5D19F}.Debug|Any CPU.Build.0 = Debug|Any CPU
		{4A9EC83C-4E40-47C5-987E-4E12EEB5D19F}.Release|Any CPU.ActiveCfg = Release|Any CPU
		{4A9EC83C-4E40-47C5-987E-4E12EEB5D19F}.Release|Any CPU.Build.0 = Release|Any CPU
		{AB648118-DC0C-488A-BA6D-685AD2E39CCB}.Debug|Any CPU.ActiveCfg = Debug|Any CPU
		{AB648118-DC0C-488A-BA6D-685AD2E39CCB}.Debug|Any CPU.Build.0 = Debug|Any CPU
		{AB648118-DC0C-488A-BA6D-685AD2E39CCB}.Release|Any CPU.ActiveCfg = Release|Any CPU
		{AB648118-DC0C-488A-BA6D-685AD2E39CCB}.Release|Any CPU.Build.0 = Release|Any CPU
		{A23C27C7-058C-48F1-A466-498BA1A438F1}.Debug|Any CPU.ActiveCfg = Debug|Any CPU
		{A23C27C7-058C-48F1-A466-498BA1A438F1}.Debug|Any CPU.Build.0 = Debug|Any CPU
		{A23C27C7-058C-48F1-A466-498BA1A438F1}.Release|Any CPU.ActiveCfg = Release|Any CPU
		{A23C27C7-058C-48F1-A466-498BA1A438F1}.Release|Any CPU.Build.0 = Release|Any CPU
		{E1BA5133-CB8D-49BE-A61D-1CA186E9FD44}.Debug|Any CPU.ActiveCfg = Debug|Any CPU
		{E1BA5133-CB8D-49BE-A61D-1CA186E9FD44}.Debug|Any CPU.Build.0 = Debug|Any CPU
		{E1BA5133-CB8D-49BE-A61D-1CA186E9FD44}.Release|Any CPU.ActiveCfg = Release|Any CPU
		{E1BA5133-CB8D-49BE-A61D-1CA186E9FD44}.Release|Any CPU.Build.0 = Release|Any CPU
		{8652B9BC-FFEB-40F7-8A55-673E8D0DFD16}.Debug|Any CPU.ActiveCfg = Debug|Any CPU
		{8652B9BC-FFEB-40F7-8A55-673E8D0DFD16}.Debug|Any CPU.Build.0 = Debug|Any CPU
		{8652B9BC-FFEB-40F7-8A55-673E8D0DFD16}.Release|Any CPU.ActiveCfg = Release|Any CPU
		{8652B9BC-FFEB-40F7-8A55-673E8D0DFD16}.Release|Any CPU.Build.0 = Release|Any CPU
		{657C7797-B074-4695-A95E-B5B80D187B39}.Debug|Any CPU.ActiveCfg = Debug|Any CPU
		{657C7797-B074-4695-A95E-B5B80D187B39}.Debug|Any CPU.Build.0 = Debug|Any CPU
		{657C7797-B074-4695-A95E-B5B80D187B39}.Release|Any CPU.ActiveCfg = Release|Any CPU
		{657C7797-B074-4695-A95E-B5B80D187B39}.Release|Any CPU.Build.0 = Release|Any CPU
		{2D308273-2BB5-41BF-89A7-82E3A9524038}.Debug|Any CPU.ActiveCfg = Debug|Any CPU
		{2D308273-2BB5-41BF-89A7-82E3A9524038}.Debug|Any CPU.Build.0 = Debug|Any CPU
		{2D308273-2BB5-41BF-89A7-82E3A9524038}.Release|Any CPU.ActiveCfg = Release|Any CPU
		{2D308273-2BB5-41BF-89A7-82E3A9524038}.Release|Any CPU.Build.0 = Release|Any CPU
		{182A26BD-5B6D-4D43-AF36-8335C83760AC}.Debug|Any CPU.ActiveCfg = Debug|Any CPU
		{182A26BD-5B6D-4D43-AF36-8335C83760AC}.Debug|Any CPU.Build.0 = Debug|Any CPU
		{182A26BD-5B6D-4D43-AF36-8335C83760AC}.Release|Any CPU.ActiveCfg = Release|Any CPU
		{182A26BD-5B6D-4D43-AF36-8335C83760AC}.Release|Any CPU.Build.0 = Release|Any CPU
		{06F3DF21-F950-4AD4-893D-6737C52F6450}.Debug|Any CPU.ActiveCfg = Debug|Any CPU
		{06F3DF21-F950-4AD4-893D-6737C52F6450}.Debug|Any CPU.Build.0 = Debug|Any CPU
		{06F3DF21-F950-4AD4-893D-6737C52F6450}.Release|Any CPU.ActiveCfg = Release|Any CPU
		{06F3DF21-F950-4AD4-893D-6737C52F6450}.Release|Any CPU.Build.0 = Release|Any CPU
		{A3FBE5F8-53F6-4499-81A4-C6B6925E6CD7}.Debug|Any CPU.ActiveCfg = Debug|Any CPU
		{A3FBE5F8-53F6-4499-81A4-C6B6925E6CD7}.Debug|Any CPU.Build.0 = Debug|Any CPU
		{A3FBE5F8-53F6-4499-81A4-C6B6925E6CD7}.Release|Any CPU.ActiveCfg = Release|Any CPU
		{A3FBE5F8-53F6-4499-81A4-C6B6925E6CD7}.Release|Any CPU.Build.0 = Release|Any CPU
	EndGlobalSection
EndGlobal
